
Microsoft Visual Studio Solution File, Format Version 12.00
# Visual Studio Version 17
VisualStudioVersion = 17.13.35931.197 d17.13
MinimumVisualStudioVersion = 10.0.40219.1
Project("{C9674DCB-5085-4A16-B785-4C70DD1589BD}") = "dwproject", "dwproject\dwproject.dtproj", "{1201AA09-95C6-D7C4-0EC8-F8BCC2445FE5}"
EndProject
Global
	GlobalSection(SolutionConfigurationPlatforms) = preSolution
		Development|Default = Development|Default
	EndGlobalSection
	GlobalSection(ProjectConfigurationPlatforms) = postSolution
		{1201AA09-95C6-D7C4-0EC8-F8BCC2445FE5}.Development|Default.ActiveCfg = Development
		{1201AA09-95C6-D7C4-0EC8-F8BCC2445FE5}.Development|Default.Build.0 = Development
	EndGlobalSection
	GlobalSection(SolutionProperties) = preSolution
		HideSolutionNode = FALSE
	EndGlobalSection
	GlobalSection(ExtensibilityGlobals) = postSolution
		SolutionGuid = {D53A41B7-3401-4457-82A8-EB3715C9515D}
	EndGlobalSection
EndGlobal
